// !$*UTF8*$!
{
	archiveVersion = 1;
	classes = {
	};
	objectVersion = 45;
	objects = {

/* Begin PBXBuildFile section */
		1D3623260D0F684500981E51 /* SaveUpAppDelegate.m in Sources */ = {isa = PBXBuildFile; fileRef = 1D3623250D0F684500981E51 /* SaveUpAppDelegate.m */; };
		1D60589B0D05DD56006BFB54 /* main.m in Sources */ = {isa = PBXBuildFile; fileRef = 29B97316FDCFA39411CA2CEA /* main.m */; };
		1D60589F0D05DD5A006BFB54 /* Foundation.framework in Frameworks */ = {isa = PBXBuildFile; fileRef = 1D30AB110D05D00D00671497 /* Foundation.framework */; };
		1DF5F4E00D08C38300B7A737 /* UIKit.framework in Frameworks */ = {isa = PBXBuildFile; fileRef = 1DF5F4DF0D08C38300B7A737 /* UIKit.framework */; };
		2729868011A49DDD004873E9 /* NSDictionary+ParamUtils.m in Sources */ = {isa = PBXBuildFile; fileRef = 2729864411A49DDD004873E9 /* NSDictionary+ParamUtils.m */; };
		2729868111A49DDD004873E9 /* NSObject+InvocationUtils.m in Sources */ = {isa = PBXBuildFile; fileRef = 2729864611A49DDD004873E9 /* NSObject+InvocationUtils.m */; };
		2729868211A49DDD004873E9 /* NSString+EscapingUtils.m in Sources */ = {isa = PBXBuildFile; fileRef = 2729864811A49DDD004873E9 /* NSString+EscapingUtils.m */; };
		2729868311A49DDD004873E9 /* HRFormatJSON.m in Sources */ = {isa = PBXBuildFile; fileRef = 2729864B11A49DDD004873E9 /* HRFormatJSON.m */; };
		2729868411A49DDD004873E9 /* HRFormatXML.m in Sources */ = {isa = PBXBuildFile; fileRef = 2729864E11A49DDD004873E9 /* HRFormatXML.m */; };
		2729868511A49DDD004873E9 /* HRGlobal.m in Sources */ = {isa = PBXBuildFile; fileRef = 2729865011A49DDD004873E9 /* HRGlobal.m */; };
		2729868611A49DDD004873E9 /* HROperationQueue.m in Sources */ = {isa = PBXBuildFile; fileRef = 2729865211A49DDD004873E9 /* HROperationQueue.m */; };
		2729868711A49DDD004873E9 /* HRRequestOperation.m in Sources */ = {isa = PBXBuildFile; fileRef = 2729865411A49DDD004873E9 /* HRRequestOperation.m */; };
		2729868811A49DDD004873E9 /* HRRestModel.m in Sources */ = {isa = PBXBuildFile; fileRef = 2729865711A49DDD004873E9 /* HRRestModel.m */; };
		2729868911A49DDD004873E9 /* HRBase64.m in Sources */ = {isa = PBXBuildFile; fileRef = 2729865C11A49DDD004873E9 /* HRBase64.m */; };
		2729868A11A49DDD004873E9 /* AIXMLDocumentSerialize.m in Sources */ = {isa = PBXBuildFile; fileRef = 2729866011A49DDD004873E9 /* AIXMLDocumentSerialize.m */; };
		2729868B11A49DDD004873E9 /* AIXMLElementSerialize.m in Sources */ = {isa = PBXBuildFile; fileRef = 2729866211A49DDD004873E9 /* AIXMLElementSerialize.m */; };
		2729868C11A49DDD004873E9 /* CREDITS in Resources */ = {isa = PBXBuildFile; fileRef = 2729866511A49DDD004873E9 /* CREDITS */; };
		2729868D11A49DDD004873E9 /* NSObject+SBJSON.m in Sources */ = {isa = PBXBuildFile; fileRef = 2729866811A49DDD004873E9 /* NSObject+SBJSON.m */; };
		2729868E11A49DDD004873E9 /* NSString+SBJSON.m in Sources */ = {isa = PBXBuildFile; fileRef = 2729866A11A49DDD004873E9 /* NSString+SBJSON.m */; };
		2729868F11A49DDD004873E9 /* SBJSON.m in Sources */ = {isa = PBXBuildFile; fileRef = 2729866C11A49DDD004873E9 /* SBJSON.m */; };
		2729869011A49DDD004873E9 /* SBJsonBase.m in Sources */ = {isa = PBXBuildFile; fileRef = 2729866E11A49DDD004873E9 /* SBJsonBase.m */; };
		2729869111A49DDD004873E9 /* SBJsonParser.m in Sources */ = {isa = PBXBuildFile; fileRef = 2729867011A49DDD004873E9 /* SBJsonParser.m */; };
		2729869211A49DDD004873E9 /* SBJsonWriter.m in Sources */ = {isa = PBXBuildFile; fileRef = 2729867211A49DDD004873E9 /* SBJsonWriter.m */; };
		2729869311A49DDD004873E9 /* DDXMLDocument.m in Sources */ = {isa = PBXBuildFile; fileRef = 2729867611A49DDD004873E9 /* DDXMLDocument.m */; };
		2729869411A49DDD004873E9 /* DDXMLElement.m in Sources */ = {isa = PBXBuildFile; fileRef = 2729867811A49DDD004873E9 /* DDXMLElement.m */; };
		2729869511A49DDD004873E9 /* DDXMLElementAdditions.m in Sources */ = {isa = PBXBuildFile; fileRef = 2729867A11A49DDD004873E9 /* DDXMLElementAdditions.m */; };
		2729869611A49DDD004873E9 /* DDXMLNode.m in Sources */ = {isa = PBXBuildFile; fileRef = 2729867C11A49DDD004873E9 /* DDXMLNode.m */; };
		2729869711A49DDD004873E9 /* NSStringAdditions.m in Sources */ = {isa = PBXBuildFile; fileRef = 2729867F11A49DDD004873E9 /* NSStringAdditions.m */; };
		273459F911936B5B005C8C5F /* icon.png in Resources */ = {isa = PBXBuildFile; fileRef = 273459F811936B5B005C8C5F /* icon.png */; };
		27AAD7E01193766E006153B1 /* Goal.m in Sources */ = {isa = PBXBuildFile; fileRef = 27AAD7DF1193766E006153B1 /* Goal.m */; };
		27DD8AE1119474AD00FAC6C4 /* AppHelpers.m in Sources */ = {isa = PBXBuildFile; fileRef = 27DD8AE0119474AD00FAC6C4 /* AppHelpers.m */; };
		27DD8AEA1194753700FAC6C4 /* GoalAddViewController.m in Sources */ = {isa = PBXBuildFile; fileRef = 27DD8AE71194753700FAC6C4 /* GoalAddViewController.m */; };
		27DD8AEB1194753700FAC6C4 /* GoalDetailViewController.m in Sources */ = {isa = PBXBuildFile; fileRef = 27DD8AE91194753700FAC6C4 /* GoalDetailViewController.m */; };
		2892E4100DC94CBA00A64D0F /* CoreGraphics.framework in Frameworks */ = {isa = PBXBuildFile; fileRef = 2892E40F0DC94CBA00A64D0F /* CoreGraphics.framework */; };
		28AD73600D9D9599002E5188 /* MainWindow.xib in Resources */ = {isa = PBXBuildFile; fileRef = 28AD735F0D9D9599002E5188 /* MainWindow.xib */; };
		28C286E10D94DF7D0034E888 /* GoalsViewController.m in Sources */ = {isa = PBXBuildFile; fileRef = 28C286E00D94DF7D0034E888 /* GoalsViewController.m */; };
		28F335F11007B36200424DE2 /* GoalsViewController.xib in Resources */ = {isa = PBXBuildFile; fileRef = 28F335F01007B36200424DE2 /* GoalsViewController.xib */; };
/* End PBXBuildFile section */

/* Begin PBXFileReference section */
		1D30AB110D05D00D00671497 /* Foundation.framework */ = {isa = PBXFileReference; lastKnownFileType = wrapper.framework; name = Foundation.framework; path = System/Library/Frameworks/Foundation.framework; sourceTree = SDKROOT; };
		1D3623240D0F684500981E51 /* SaveUpAppDelegate.h */ = {isa = PBXFileReference; fileEncoding = 4; lastKnownFileType = sourcecode.c.h; path = SaveUpAppDelegate.h; sourceTree = "<group>"; };
		1D3623250D0F684500981E51 /* SaveUpAppDelegate.m */ = {isa = PBXFileReference; fileEncoding = 4; lastKnownFileType = sourcecode.c.objc; path = SaveUpAppDelegate.m; sourceTree = "<group>"; };
		1D6058910D05DD3D006BFB54 /* SaveUp.app */ = {isa = PBXFileReference; explicitFileType = wrapper.application; includeInIndex = 0; path = SaveUp.app; sourceTree = BUILT_PRODUCTS_DIR; };
		1DF5F4DF0D08C38300B7A737 /* UIKit.framework */ = {isa = PBXFileReference; lastKnownFileType = wrapper.framework; name = UIKit.framework; path = System/Library/Frameworks/UIKit.framework; sourceTree = SDKROOT; };
		2729864311A49DDD004873E9 /* NSDictionary+ParamUtils.h */ = {isa = PBXFileReference; fileEncoding = 4; lastKnownFileType = sourcecode.c.h; path = "NSDictionary+ParamUtils.h"; sourceTree = "<group>"; };
		2729864411A49DDD004873E9 /* NSDictionary+ParamUtils.m */ = {isa = PBXFileReference; fileEncoding = 4; lastKnownFileType = sourcecode.c.objc; path = "NSDictionary+ParamUtils.m"; sourceTree = "<group>"; };
		2729864511A49DDD004873E9 /* NSObject+InvocationUtils.h */ = {isa = PBXFileReference; fileEncoding = 4; lastKnownFileType = sourcecode.c.h; path = "NSObject+InvocationUtils.h"; sourceTree = "<group>"; };
		2729864611A49DDD004873E9 /* NSObject+InvocationUtils.m */ = {isa = PBXFileReference; fileEncoding = 4; lastKnownFileType = sourcecode.c.objc; path = "NSObject+InvocationUtils.m"; sourceTree = "<group>"; };
		2729864711A49DDD004873E9 /* NSString+EscapingUtils.h */ = {isa = PBXFileReference; fileEncoding = 4; lastKnownFileType = sourcecode.c.h; path = "NSString+EscapingUtils.h"; sourceTree = "<group>"; };
		2729864811A49DDD004873E9 /* NSString+EscapingUtils.m */ = {isa = PBXFileReference; fileEncoding = 4; lastKnownFileType = sourcecode.c.objc; path = "NSString+EscapingUtils.m"; sourceTree = "<group>"; };
		2729864A11A49DDD004873E9 /* HRFormatJSON.h */ = {isa = PBXFileReference; fileEncoding = 4; lastKnownFileType = sourcecode.c.h; path = HRFormatJSON.h; sourceTree = "<group>"; };
		2729864B11A49DDD004873E9 /* HRFormatJSON.m */ = {isa = PBXFileReference; fileEncoding = 4; lastKnownFileType = sourcecode.c.objc; path = HRFormatJSON.m; sourceTree = "<group>"; };
		2729864C11A49DDD004873E9 /* HRFormatterProtocol.h */ = {isa = PBXFileReference; fileEncoding = 4; lastKnownFileType = sourcecode.c.h; path = HRFormatterProtocol.h; sourceTree = "<group>"; };
		2729864D11A49DDD004873E9 /* HRFormatXML.h */ = {isa = PBXFileReference; fileEncoding = 4; lastKnownFileType = sourcecode.c.h; path = HRFormatXML.h; sourceTree = "<group>"; };
		2729864E11A49DDD004873E9 /* HRFormatXML.m */ = {isa = PBXFileReference; fileEncoding = 4; lastKnownFileType = sourcecode.c.objc; path = HRFormatXML.m; sourceTree = "<group>"; };
		2729864F11A49DDD004873E9 /* HRGlobal.h */ = {isa = PBXFileReference; fileEncoding = 4; lastKnownFileType = sourcecode.c.h; path = HRGlobal.h; sourceTree = "<group>"; };
		2729865011A49DDD004873E9 /* HRGlobal.m */ = {isa = PBXFileReference; fileEncoding = 4; lastKnownFileType = sourcecode.c.objc; path = HRGlobal.m; sourceTree = "<group>"; };
		2729865111A49DDD004873E9 /* HROperationQueue.h */ = {isa = PBXFileReference; fileEncoding = 4; lastKnownFileType = sourcecode.c.h; path = HROperationQueue.h; sourceTree = "<group>"; };
		2729865211A49DDD004873E9 /* HROperationQueue.m */ = {isa = PBXFileReference; fileEncoding = 4; lastKnownFileType = sourcecode.c.objc; path = HROperationQueue.m; sourceTree = "<group>"; };
		2729865311A49DDD004873E9 /* HRRequestOperation.h */ = {isa = PBXFileReference; fileEncoding = 4; lastKnownFileType = sourcecode.c.h; path = HRRequestOperation.h; sourceTree = "<group>"; };
		2729865411A49DDD004873E9 /* HRRequestOperation.m */ = {isa = PBXFileReference; fileEncoding = 4; lastKnownFileType = sourcecode.c.objc; path = HRRequestOperation.m; sourceTree = "<group>"; };
		2729865511A49DDD004873E9 /* HRResponseDelegate.h */ = {isa = PBXFileReference; fileEncoding = 4; lastKnownFileType = sourcecode.c.h; path = HRResponseDelegate.h; sourceTree = "<group>"; };
		2729865611A49DDD004873E9 /* HRRestModel.h */ = {isa = PBXFileReference; fileEncoding = 4; lastKnownFileType = sourcecode.c.h; path = HRRestModel.h; sourceTree = "<group>"; };
		2729865711A49DDD004873E9 /* HRRestModel.m */ = {isa = PBXFileReference; fileEncoding = 4; lastKnownFileType = sourcecode.c.objc; path = HRRestModel.m; sourceTree = "<group>"; };
		2729865811A49DDD004873E9 /* HTTPRiot.h */ = {isa = PBXFileReference; fileEncoding = 4; lastKnownFileType = sourcecode.c.h; path = HTTPRiot.h; sourceTree = "<group>"; };
		2729865911A49DDD004873E9 /* HTTPRiot_Prefix.pch */ = {isa = PBXFileReference; fileEncoding = 4; lastKnownFileType = sourcecode.c.h; path = HTTPRiot_Prefix.pch; sourceTree = "<group>"; };
		2729865B11A49DDD004873E9 /* HRBase64.h */ = {isa = PBXFileReference; fileEncoding = 4; lastKnownFileType = sourcecode.c.h; path = HRBase64.h; sourceTree = "<group>"; };
		2729865C11A49DDD004873E9 /* HRBase64.m */ = {isa = PBXFileReference; fileEncoding = 4; lastKnownFileType = sourcecode.c.objc; path = HRBase64.m; sourceTree = "<group>"; };
		2729865F11A49DDD004873E9 /* AIXMLDocumentSerialize.h */ = {isa = PBXFileReference; fileEncoding = 4; lastKnownFileType = sourcecode.c.h; path = AIXMLDocumentSerialize.h; sourceTree = "<group>"; };
		2729866011A49DDD004873E9 /* AIXMLDocumentSerialize.m */ = {isa = PBXFileReference; fileEncoding = 4; lastKnownFileType = sourcecode.c.objc; path = AIXMLDocumentSerialize.m; sourceTree = "<group>"; };
		2729866111A49DDD004873E9 /* AIXMLElementSerialize.h */ = {isa = PBXFileReference; fileEncoding = 4; lastKnownFileType = sourcecode.c.h; path = AIXMLElementSerialize.h; sourceTree = "<group>"; };
		2729866211A49DDD004873E9 /* AIXMLElementSerialize.m */ = {isa = PBXFileReference; fileEncoding = 4; lastKnownFileType = sourcecode.c.objc; path = AIXMLElementSerialize.m; sourceTree = "<group>"; };
		2729866311A49DDD004873E9 /* AIXMLSerialization.h */ = {isa = PBXFileReference; fileEncoding = 4; lastKnownFileType = sourcecode.c.h; path = AIXMLSerialization.h; sourceTree = "<group>"; };
		2729866511A49DDD004873E9 /* CREDITS */ = {isa = PBXFileReference; fileEncoding = 4; lastKnownFileType = text; path = CREDITS; sourceTree = "<group>"; };
		2729866611A49DDD004873E9 /* JSON.h */ = {isa = PBXFileReference; fileEncoding = 4; lastKnownFileType = sourcecode.c.h; path = JSON.h; sourceTree = "<group>"; };
		2729866711A49DDD004873E9 /* NSObject+SBJSON.h */ = {isa = PBXFileReference; fileEncoding = 4; lastKnownFileType = sourcecode.c.h; path = "NSObject+SBJSON.h"; sourceTree = "<group>"; };
		2729866811A49DDD004873E9 /* NSObject+SBJSON.m */ = {isa = PBXFileReference; fileEncoding = 4; lastKnownFileType = sourcecode.c.objc; path = "NSObject+SBJSON.m"; sourceTree = "<group>"; };
		2729866911A49DDD004873E9 /* NSString+SBJSON.h */ = {isa = PBXFileReference; fileEncoding = 4; lastKnownFileType = sourcecode.c.h; path = "NSString+SBJSON.h"; sourceTree = "<group>"; };
		2729866A11A49DDD004873E9 /* NSString+SBJSON.m */ = {isa = PBXFileReference; fileEncoding = 4; lastKnownFileType = sourcecode.c.objc; path = "NSString+SBJSON.m"; sourceTree = "<group>"; };
		2729866B11A49DDD004873E9 /* SBJSON.h */ = {isa = PBXFileReference; fileEncoding = 4; lastKnownFileType = sourcecode.c.h; path = SBJSON.h; sourceTree = "<group>"; };
		2729866C11A49DDD004873E9 /* SBJSON.m */ = {isa = PBXFileReference; fileEncoding = 4; lastKnownFileType = sourcecode.c.objc; path = SBJSON.m; sourceTree = "<group>"; };
		2729866D11A49DDD004873E9 /* SBJsonBase.h */ = {isa = PBXFileReference; fileEncoding = 4; lastKnownFileType = sourcecode.c.h; path = SBJsonBase.h; sourceTree = "<group>"; };
		2729866E11A49DDD004873E9 /* SBJsonBase.m */ = {isa = PBXFileReference; fileEncoding = 4; lastKnownFileType = sourcecode.c.objc; path = SBJsonBase.m; sourceTree = "<group>"; };
		2729866F11A49DDD004873E9 /* SBJsonParser.h */ = {isa = PBXFileReference; fileEncoding = 4; lastKnownFileType = sourcecode.c.h; path = SBJsonParser.h; sourceTree = "<group>"; };
		2729867011A49DDD004873E9 /* SBJsonParser.m */ = {isa = PBXFileReference; fileEncoding = 4; lastKnownFileType = sourcecode.c.objc; path = SBJsonParser.m; sourceTree = "<group>"; };
		2729867111A49DDD004873E9 /* SBJsonWriter.h */ = {isa = PBXFileReference; fileEncoding = 4; lastKnownFileType = sourcecode.c.h; path = SBJsonWriter.h; sourceTree = "<group>"; };
		2729867211A49DDD004873E9 /* SBJsonWriter.m */ = {isa = PBXFileReference; fileEncoding = 4; lastKnownFileType = sourcecode.c.objc; path = SBJsonWriter.m; sourceTree = "<group>"; };
		2729867411A49DDD004873E9 /* DDXML.h */ = {isa = PBXFileReference; fileEncoding = 4; lastKnownFileType = sourcecode.c.h; path = DDXML.h; sourceTree = "<group>"; };
		2729867511A49DDD004873E9 /* DDXMLDocument.h */ = {isa = PBXFileReference; fileEncoding = 4; lastKnownFileType = sourcecode.c.h; path = DDXMLDocument.h; sourceTree = "<group>"; };
		2729867611A49DDD004873E9 /* DDXMLDocument.m */ = {isa = PBXFileReference; fileEncoding = 4; lastKnownFileType = sourcecode.c.objc; path = DDXMLDocument.m; sourceTree = "<group>"; };
		2729867711A49DDD004873E9 /* DDXMLElement.h */ = {isa = PBXFileReference; fileEncoding = 4; lastKnownFileType = sourcecode.c.h; path = DDXMLElement.h; sourceTree = "<group>"; };
		2729867811A49DDD004873E9 /* DDXMLElement.m */ = {isa = PBXFileReference; fileEncoding = 4; lastKnownFileType = sourcecode.c.objc; path = DDXMLElement.m; sourceTree = "<group>"; };
		2729867911A49DDD004873E9 /* DDXMLElementAdditions.h */ = {isa = PBXFileReference; fileEncoding = 4; lastKnownFileType = sourcecode.c.h; path = DDXMLElementAdditions.h; sourceTree = "<group>"; };
		2729867A11A49DDD004873E9 /* DDXMLElementAdditions.m */ = {isa = PBXFileReference; fileEncoding = 4; lastKnownFileType = sourcecode.c.objc; path = DDXMLElementAdditions.m; sourceTree = "<group>"; };
		2729867B11A49DDD004873E9 /* DDXMLNode.h */ = {isa = PBXFileReference; fileEncoding = 4; lastKnownFileType = sourcecode.c.h; path = DDXMLNode.h; sourceTree = "<group>"; };
		2729867C11A49DDD004873E9 /* DDXMLNode.m */ = {isa = PBXFileReference; fileEncoding = 4; lastKnownFileType = sourcecode.c.objc; path = DDXMLNode.m; sourceTree = "<group>"; };
		2729867D11A49DDD004873E9 /* DDXMLPrivate.h */ = {isa = PBXFileReference; fileEncoding = 4; lastKnownFileType = sourcecode.c.h; path = DDXMLPrivate.h; sourceTree = "<group>"; };
		2729867E11A49DDD004873E9 /* NSStringAdditions.h */ = {isa = PBXFileReference; fileEncoding = 4; lastKnownFileType = sourcecode.c.h; path = NSStringAdditions.h; sourceTree = "<group>"; };
		2729867F11A49DDD004873E9 /* NSStringAdditions.m */ = {isa = PBXFileReference; fileEncoding = 4; lastKnownFileType = sourcecode.c.objc; path = NSStringAdditions.m; sourceTree = "<group>"; };
		273459F811936B5B005C8C5F /* icon.png */ = {isa = PBXFileReference; lastKnownFileType = image.png; path = icon.png; sourceTree = "<group>"; };
		27AAD7DE1193766E006153B1 /* Goal.h */ = {isa = PBXFileReference; fileEncoding = 4; lastKnownFileType = sourcecode.c.h; path = Goal.h; sourceTree = "<group>"; };
		27AAD7DF1193766E006153B1 /* Goal.m */ = {isa = PBXFileReference; fileEncoding = 4; lastKnownFileType = sourcecode.c.objc; path = Goal.m; sourceTree = "<group>"; };
		27DD8ADF119474AD00FAC6C4 /* AppHelpers.h */ = {isa = PBXFileReference; fileEncoding = 4; lastKnownFileType = sourcecode.c.h; path = AppHelpers.h; sourceTree = "<group>"; };
		27DD8AE0119474AD00FAC6C4 /* AppHelpers.m */ = {isa = PBXFileReference; fileEncoding = 4; lastKnownFileType = sourcecode.c.objc; path = AppHelpers.m; sourceTree = "<group>"; };
		27DD8AE61194753700FAC6C4 /* GoalAddViewController.h */ = {isa = PBXFileReference; fileEncoding = 4; lastKnownFileType = sourcecode.c.h; path = GoalAddViewController.h; sourceTree = "<group>"; };
		27DD8AE71194753700FAC6C4 /* GoalAddViewController.m */ = {isa = PBXFileReference; fileEncoding = 4; lastKnownFileType = sourcecode.c.objc; path = GoalAddViewController.m; sourceTree = "<group>"; };
		27DD8AE81194753700FAC6C4 /* GoalDetailViewController.h */ = {isa = PBXFileReference; fileEncoding = 4; lastKnownFileType = sourcecode.c.h; path = GoalDetailViewController.h; sourceTree = "<group>"; };
		27DD8AE91194753700FAC6C4 /* GoalDetailViewController.m */ = {isa = PBXFileReference; fileEncoding = 4; lastKnownFileType = sourcecode.c.objc; path = GoalDetailViewController.m; sourceTree = "<group>"; };
		2892E40F0DC94CBA00A64D0F /* CoreGraphics.framework */ = {isa = PBXFileReference; lastKnownFileType = wrapper.framework; name = CoreGraphics.framework; path = System/Library/Frameworks/CoreGraphics.framework; sourceTree = SDKROOT; };
		28A0AAE50D9B0CCF005BE974 /* SaveUp_Prefix.pch */ = {isa = PBXFileReference; fileEncoding = 4; lastKnownFileType = sourcecode.c.h; path = SaveUp_Prefix.pch; sourceTree = "<group>"; };
		28AD735F0D9D9599002E5188 /* MainWindow.xib */ = {isa = PBXFileReference; lastKnownFileType = file.xib; path = MainWindow.xib; sourceTree = "<group>"; };
		28C286DF0D94DF7D0034E888 /* GoalsViewController.h */ = {isa = PBXFileReference; fileEncoding = 4; lastKnownFileType = sourcecode.c.h; path = GoalsViewController.h; sourceTree = "<group>"; };
		28C286E00D94DF7D0034E888 /* GoalsViewController.m */ = {isa = PBXFileReference; fileEncoding = 4; lastKnownFileType = sourcecode.c.objc; path = GoalsViewController.m; sourceTree = "<group>"; };
		28F335F01007B36200424DE2 /* GoalsViewController.xib */ = {isa = PBXFileReference; lastKnownFileType = file.xib; path = GoalsViewController.xib; sourceTree = "<group>"; };
		29B97316FDCFA39411CA2CEA /* main.m */ = {isa = PBXFileReference; fileEncoding = 4; lastKnownFileType = sourcecode.c.objc; path = main.m; sourceTree = "<group>"; };
		8D1107310486CEB800E47090 /* SaveUp-Info.plist */ = {isa = PBXFileReference; fileEncoding = 4; lastKnownFileType = text.plist.xml; path = "SaveUp-Info.plist"; plistStructureDefinitionIdentifier = "com.apple.xcode.plist.structure-definition.iphone.info-plist"; sourceTree = "<group>"; };
/* End PBXFileReference section */

/* Begin PBXFrameworksBuildPhase section */
		1D60588F0D05DD3D006BFB54 /* Frameworks */ = {
			isa = PBXFrameworksBuildPhase;
			buildActionMask = 2147483647;
			files = (
				1D60589F0D05DD5A006BFB54 /* Foundation.framework in Frameworks */,
				1DF5F4E00D08C38300B7A737 /* UIKit.framework in Frameworks */,
				2892E4100DC94CBA00A64D0F /* CoreGraphics.framework in Frameworks */,
			);
			runOnlyForDeploymentPostprocessing = 0;
		};
/* End PBXFrameworksBuildPhase section */

/* Begin PBXGroup section */
		080E96DDFE201D6D7F000001 /* Classes */ = {
			isa = PBXGroup;
			children = (
				27DD8ADF119474AD00FAC6C4 /* AppHelpers.h */,
				27DD8AE0119474AD00FAC6C4 /* AppHelpers.m */,
				28C286DF0D94DF7D0034E888 /* GoalsViewController.h */,
				28C286E00D94DF7D0034E888 /* GoalsViewController.m */,
				27DD8AE61194753700FAC6C4 /* GoalAddViewController.h */,
				27DD8AE71194753700FAC6C4 /* GoalAddViewController.m */,
				27DD8AE81194753700FAC6C4 /* GoalDetailViewController.h */,
				27DD8AE91194753700FAC6C4 /* GoalDetailViewController.m */,
				1D3623240D0F684500981E51 /* SaveUpAppDelegate.h */,
				1D3623250D0F684500981E51 /* SaveUpAppDelegate.m */,
				27AAD7DE1193766E006153B1 /* Goal.h */,
				27AAD7DF1193766E006153B1 /* Goal.m */,
			);
			path = Classes;
			sourceTree = "<group>";
		};
		19C28FACFE9D520D11CA2CBB /* Products */ = {
			isa = PBXGroup;
			children = (
				1D6058910D05DD3D006BFB54 /* SaveUp.app */,
			);
			name = Products;
			sourceTree = "<group>";
		};
		2729864011A49DD5004873E9 /* Vendor */ = {
			isa = PBXGroup;
			children = (
				2729864111A49DDD004873E9 /* HTTPRiot */,
			);
			name = Vendor;
			sourceTree = "<group>";
		};
		2729864111A49DDD004873E9 /* HTTPRiot */ = {
			isa = PBXGroup;
			children = (
				2729864211A49DDD004873E9 /* Extensions */,
				2729864911A49DDD004873E9 /* Formatters */,
				2729864F11A49DDD004873E9 /* HRGlobal.h */,
				2729865011A49DDD004873E9 /* HRGlobal.m */,
				2729865111A49DDD004873E9 /* HROperationQueue.h */,
				2729865211A49DDD004873E9 /* HROperationQueue.m */,
				2729865311A49DDD004873E9 /* HRRequestOperation.h */,
				2729865411A49DDD004873E9 /* HRRequestOperation.m */,
				2729865511A49DDD004873E9 /* HRResponseDelegate.h */,
				2729865611A49DDD004873E9 /* HRRestModel.h */,
				2729865711A49DDD004873E9 /* HRRestModel.m */,
				2729865811A49DDD004873E9 /* HTTPRiot.h */,
				2729865911A49DDD004873E9 /* HTTPRiot_Prefix.pch */,
				2729865A11A49DDD004873E9 /* Utilities */,
				2729865D11A49DDD004873E9 /* Vendor */,
			);
			path = HTTPRiot;
			sourceTree = "<group>";
		};
		2729864211A49DDD004873E9 /* Extensions */ = {
			isa = PBXGroup;
			children = (
				2729864311A49DDD004873E9 /* NSDictionary+ParamUtils.h */,
				2729864411A49DDD004873E9 /* NSDictionary+ParamUtils.m */,
				2729864511A49DDD004873E9 /* NSObject+InvocationUtils.h */,
				2729864611A49DDD004873E9 /* NSObject+InvocationUtils.m */,
				2729864711A49DDD004873E9 /* NSString+EscapingUtils.h */,
				2729864811A49DDD004873E9 /* NSString+EscapingUtils.m */,
			);
			path = Extensions;
			sourceTree = "<group>";
		};
		2729864911A49DDD004873E9 /* Formatters */ = {
			isa = PBXGroup;
			children = (
				2729864A11A49DDD004873E9 /* HRFormatJSON.h */,
				2729864B11A49DDD004873E9 /* HRFormatJSON.m */,
				2729864C11A49DDD004873E9 /* HRFormatterProtocol.h */,
				2729864D11A49DDD004873E9 /* HRFormatXML.h */,
				2729864E11A49DDD004873E9 /* HRFormatXML.m */,
			);
			path = Formatters;
			sourceTree = "<group>";
		};
		2729865A11A49DDD004873E9 /* Utilities */ = {
			isa = PBXGroup;
			children = (
				2729865B11A49DDD004873E9 /* HRBase64.h */,
				2729865C11A49DDD004873E9 /* HRBase64.m */,
			);
			path = Utilities;
			sourceTree = "<group>";
		};
		2729865D11A49DDD004873E9 /* Vendor */ = {
			isa = PBXGroup;
			children = (
				2729865E11A49DDD004873E9 /* AIXMLSerialization */,
				2729866411A49DDD004873E9 /* JSON */,
				2729867311A49DDD004873E9 /* KissXML */,
			);
			path = Vendor;
			sourceTree = "<group>";
		};
		2729865E11A49DDD004873E9 /* AIXMLSerialization */ = {
			isa = PBXGroup;
			children = (
				2729865F11A49DDD004873E9 /* AIXMLDocumentSerialize.h */,
				2729866011A49DDD004873E9 /* AIXMLDocumentSerialize.m */,
				2729866111A49DDD004873E9 /* AIXMLElementSerialize.h */,
				2729866211A49DDD004873E9 /* AIXMLElementSerialize.m */,
				2729866311A49DDD004873E9 /* AIXMLSerialization.h */,
			);
			path = AIXMLSerialization;
			sourceTree = "<group>";
		};
		2729866411A49DDD004873E9 /* JSON */ = {
			isa = PBXGroup;
			children = (
				2729866511A49DDD004873E9 /* CREDITS */,
				2729866611A49DDD004873E9 /* JSON.h */,
				2729866711A49DDD004873E9 /* NSObject+SBJSON.h */,
				2729866811A49DDD004873E9 /* NSObject+SBJSON.m */,
				2729866911A49DDD004873E9 /* NSString+SBJSON.h */,
				2729866A11A49DDD004873E9 /* NSString+SBJSON.m */,
				2729866B11A49DDD004873E9 /* SBJSON.h */,
				2729866C11A49DDD004873E9 /* SBJSON.m */,
				2729866D11A49DDD004873E9 /* SBJsonBase.h */,
				2729866E11A49DDD004873E9 /* SBJsonBase.m */,
				2729866F11A49DDD004873E9 /* SBJsonParser.h */,
				2729867011A49DDD004873E9 /* SBJsonParser.m */,
				2729867111A49DDD004873E9 /* SBJsonWriter.h */,
				2729867211A49DDD004873E9 /* SBJsonWriter.m */,
			);
			path = JSON;
			sourceTree = "<group>";
		};
		2729867311A49DDD004873E9 /* KissXML */ = {
			isa = PBXGroup;
			children = (
				2729867411A49DDD004873E9 /* DDXML.h */,
				2729867511A49DDD004873E9 /* DDXMLDocument.h */,
				2729867611A49DDD004873E9 /* DDXMLDocument.m */,
				2729867711A49DDD004873E9 /* DDXMLElement.h */,
				2729867811A49DDD004873E9 /* DDXMLElement.m */,
				2729867911A49DDD004873E9 /* DDXMLElementAdditions.h */,
				2729867A11A49DDD004873E9 /* DDXMLElementAdditions.m */,
				2729867B11A49DDD004873E9 /* DDXMLNode.h */,
				2729867C11A49DDD004873E9 /* DDXMLNode.m */,
				2729867D11A49DDD004873E9 /* DDXMLPrivate.h */,
				2729867E11A49DDD004873E9 /* NSStringAdditions.h */,
				2729867F11A49DDD004873E9 /* NSStringAdditions.m */,
			);
			path = KissXML;
			sourceTree = "<group>";
		};
		29B97314FDCFA39411CA2CEA /* CustomTemplate */ = {
			isa = PBXGroup;
			children = (
				2729864011A49DD5004873E9 /* Vendor */,
				080E96DDFE201D6D7F000001 /* Classes */,
				29B97315FDCFA39411CA2CEA /* Other Sources */,
				29B97317FDCFA39411CA2CEA /* Resources */,
				29B97323FDCFA39411CA2CEA /* Frameworks */,
				19C28FACFE9D520D11CA2CBB /* Products */,
			);
			name = CustomTemplate;
			sourceTree = "<group>";
		};
		29B97315FDCFA39411CA2CEA /* Other Sources */ = {
			isa = PBXGroup;
			children = (
				28A0AAE50D9B0CCF005BE974 /* SaveUp_Prefix.pch */,
				29B97316FDCFA39411CA2CEA /* main.m */,
			);
			name = "Other Sources";
			sourceTree = "<group>";
		};
		29B97317FDCFA39411CA2CEA /* Resources */ = {
			isa = PBXGroup;
			children = (
				273459F811936B5B005C8C5F /* icon.png */,
				28F335F01007B36200424DE2 /* GoalsViewController.xib */,
				28AD735F0D9D9599002E5188 /* MainWindow.xib */,
				8D1107310486CEB800E47090 /* SaveUp-Info.plist */,
			);
			name = Resources;
			sourceTree = "<group>";
		};
		29B97323FDCFA39411CA2CEA /* Frameworks */ = {
			isa = PBXGroup;
			children = (
				1DF5F4DF0D08C38300B7A737 /* UIKit.framework */,
				1D30AB110D05D00D00671497 /* Foundation.framework */,
				2892E40F0DC94CBA00A64D0F /* CoreGraphics.framework */,
			);
			name = Frameworks;
			sourceTree = "<group>";
		};
/* End PBXGroup section */

/* Begin PBXNativeTarget section */
		1D6058900D05DD3D006BFB54 /* SaveUp */ = {
			isa = PBXNativeTarget;
			buildConfigurationList = 1D6058960D05DD3E006BFB54 /* Build configuration list for PBXNativeTarget "SaveUp" */;
			buildPhases = (
				1D60588D0D05DD3D006BFB54 /* Resources */,
				1D60588E0D05DD3D006BFB54 /* Sources */,
				1D60588F0D05DD3D006BFB54 /* Frameworks */,
			);
			buildRules = (
			);
			dependencies = (
			);
			name = SaveUp;
			productName = SaveUp;
			productReference = 1D6058910D05DD3D006BFB54 /* SaveUp.app */;
			productType = "com.apple.product-type.application";
		};
/* End PBXNativeTarget section */

/* Begin PBXProject section */
		29B97313FDCFA39411CA2CEA /* Project object */ = {
			isa = PBXProject;
			buildConfigurationList = C01FCF4E08A954540054247B /* Build configuration list for PBXProject "SaveUp" */;
			compatibilityVersion = "Xcode 3.1";
			hasScannedForEncodings = 1;
			knownRegions = (
				English,
				Japanese,
				French,
				German,
				en,
			);
			mainGroup = 29B97314FDCFA39411CA2CEA /* CustomTemplate */;
			projectDirPath = "";
			projectRoot = "";
			targets = (
				1D6058900D05DD3D006BFB54 /* SaveUp */,
			);
		};
/* End PBXProject section */

/* Begin PBXResourcesBuildPhase section */
		1D60588D0D05DD3D006BFB54 /* Resources */ = {
			isa = PBXResourcesBuildPhase;
			buildActionMask = 2147483647;
			files = (
				28AD73600D9D9599002E5188 /* MainWindow.xib in Resources */,
				28F335F11007B36200424DE2 /* GoalsViewController.xib in Resources */,
				273459F911936B5B005C8C5F /* icon.png in Resources */,
				2729868C11A49DDD004873E9 /* CREDITS in Resources */,
			);
			runOnlyForDeploymentPostprocessing = 0;
		};
/* End PBXResourcesBuildPhase section */

/* Begin PBXSourcesBuildPhase section */
		1D60588E0D05DD3D006BFB54 /* Sources */ = {
			isa = PBXSourcesBuildPhase;
			buildActionMask = 2147483647;
			files = (
				1D60589B0D05DD56006BFB54 /* main.m in Sources */,
				1D3623260D0F684500981E51 /* SaveUpAppDelegate.m in Sources */,
				28C286E10D94DF7D0034E888 /* GoalsViewController.m in Sources */,
				27AAD7E01193766E006153B1 /* Goal.m in Sources */,
				27DD8AE1119474AD00FAC6C4 /* AppHelpers.m in Sources */,
				27DD8AEA1194753700FAC6C4 /* GoalAddViewController.m in Sources */,
				27DD8AEB1194753700FAC6C4 /* GoalDetailViewController.m in Sources */,
				2729868011A49DDD004873E9 /* NSDictionary+ParamUtils.m in Sources */,
				2729868111A49DDD004873E9 /* NSObject+InvocationUtils.m in Sources */,
				2729868211A49DDD004873E9 /* NSString+EscapingUtils.m in Sources */,
				2729868311A49DDD004873E9 /* HRFormatJSON.m in Sources */,
				2729868411A49DDD004873E9 /* HRFormatXML.m in Sources */,
				2729868511A49DDD004873E9 /* HRGlobal.m in Sources */,
				2729868611A49DDD004873E9 /* HROperationQueue.m in Sources */,
				2729868711A49DDD004873E9 /* HRRequestOperation.m in Sources */,
				2729868811A49DDD004873E9 /* HRRestModel.m in Sources */,
				2729868911A49DDD004873E9 /* HRBase64.m in Sources */,
				2729868A11A49DDD004873E9 /* AIXMLDocumentSerialize.m in Sources */,
				2729868B11A49DDD004873E9 /* AIXMLElementSerialize.m in Sources */,
				2729868D11A49DDD004873E9 /* NSObject+SBJSON.m in Sources */,
				2729868E11A49DDD004873E9 /* NSString+SBJSON.m in Sources */,
				2729868F11A49DDD004873E9 /* SBJSON.m in Sources */,
				2729869011A49DDD004873E9 /* SBJsonBase.m in Sources */,
				2729869111A49DDD004873E9 /* SBJsonParser.m in Sources */,
				2729869211A49DDD004873E9 /* SBJsonWriter.m in Sources */,
				2729869311A49DDD004873E9 /* DDXMLDocument.m in Sources */,
				2729869411A49DDD004873E9 /* DDXMLElement.m in Sources */,
				2729869511A49DDD004873E9 /* DDXMLElementAdditions.m in Sources */,
				2729869611A49DDD004873E9 /* DDXMLNode.m in Sources */,
				2729869711A49DDD004873E9 /* NSStringAdditions.m in Sources */,
			);
			runOnlyForDeploymentPostprocessing = 0;
		};
/* End PBXSourcesBuildPhase section */

/* Begin XCBuildConfiguration section */
		1D6058940D05DD3E006BFB54 /* Debug */ = {
			isa = XCBuildConfiguration;
			buildSettings = {
				ADDITIONAL_SDKS = "";
				ALWAYS_SEARCH_USER_PATHS = NO;
				COPY_PHASE_STRIP = NO;
				GCC_DYNAMIC_NO_PIC = NO;
				GCC_OPTIMIZATION_LEVEL = 0;
				GCC_PRECOMPILE_PREFIX_HEADER = YES;
				GCC_PREFIX_HEADER = SaveUp_Prefix.pch;
				HEADER_SEARCH_PATHS = /Developer/Platforms/iPhoneOS.platform/Developer/SDKs/iPhoneOS3.2.sdk/usr/include/libxml2;
				INFOPLIST_FILE = "SaveUp-Info.plist";
				IPHONEOS_DEPLOYMENT_TARGET = 3.1.3;
				OTHER_LDFLAGS = (
					"-lxml2",
					"-ObjC",
					"-all_load",
				);
				PRODUCT_NAME = SaveUp;
				SDKROOT = iphonesimulator3.1.3;
			};
			name = Debug;
		};
		1D6058950D05DD3E006BFB54 /* Release */ = {
			isa = XCBuildConfiguration;
			buildSettings = {
				ADDITIONAL_SDKS = "";
				ALWAYS_SEARCH_USER_PATHS = NO;
				COPY_PHASE_STRIP = YES;
				GCC_PRECOMPILE_PREFIX_HEADER = YES;
				GCC_PREFIX_HEADER = SaveUp_Prefix.pch;
				HEADER_SEARCH_PATHS = /Developer/Platforms/iPhoneOS.platform/Developer/SDKs/iPhoneOS3.2.sdk/usr/include/libxml2;
				INFOPLIST_FILE = "SaveUp-Info.plist";
				IPHONEOS_DEPLOYMENT_TARGET = 3.1.3;
				OTHER_LDFLAGS = (
					"-lxml2",
					"-ObjC",
					"-all_load",
				);
				PRODUCT_NAME = SaveUp;
				SDKROOT = iphonesimulator3.1.3;
				VALIDATE_PRODUCT = YES;
			};
			name = Release;
		};
		C01FCF4F08A954540054247B /* Debug */ = {
			isa = XCBuildConfiguration;
			buildSettings = {
				ADDITIONAL_SDKS = "~/Library/SDKs/httpriot-0.6.10/$(PLATFORM_NAME)$(IPHONEOS_DEPLOYMENT_TARGET).sdk";
				ARCHS = "$(ARCHS_STANDARD_32_BIT)";
				"CODE_SIGN_IDENTITY[sdk=iphoneos*]" = "iPhone Developer";
				GCC_C_LANGUAGE_STANDARD = c99;
				GCC_WARN_ABOUT_RETURN_TYPE = YES;
				GCC_WARN_UNUSED_VARIABLE = YES;
				HEADER_SEARCH_PATHS = /Developer/Platforms/iPhoneOS.platform/Developer/SDKs/iPhoneOS3.2.sdk/usr/include/libxml2;
				OTHER_LDFLAGS = (
					"-lhttpriot",
					"-lxml2",
					"-ObjC",
					"-all_load",
				);
				PREBINDING = NO;
				SDKROOT = iphoneos3.1.3;
			};
			name = Debug;
		};
		C01FCF5008A954540054247B /* Release */ = {
			isa = XCBuildConfiguration;
			buildSettings = {
				ADDITIONAL_SDKS = "~/Library/SDKs/httpriot-0.6.10/$(PLATFORM_NAME)$(IPHONEOS_DEPLOYMENT_TARGET).sdk";
				ARCHS = "$(ARCHS_STANDARD_32_BIT)";
				"CODE_SIGN_IDENTITY[sdk=iphoneos*]" = "iPhone Developer";
				GCC_C_LANGUAGE_STANDARD = c99;
				GCC_WARN_ABOUT_RETURN_TYPE = YES;
				GCC_WARN_UNUSED_VARIABLE = YES;
				HEADER_SEARCH_PATHS = /Developer/Platforms/iPhoneOS.platform/Developer/SDKs/iPhoneOS3.2.sdk/usr/include/libxml2;
				OTHER_CFLAGS = "-DNS_BLOCK_ASSERTIONS=1";
				OTHER_LDFLAGS = (
					"-lhttpriot",
					"-lxml2",
					"-ObjC",
					"-all_load",
				);
				PREBINDING = NO;
				SDKROOT = iphoneos3.1.3;
			};
			name = Release;
		};
/* End XCBuildConfiguration section */

/* Begin XCConfigurationList section */
		1D6058960D05DD3E006BFB54 /* Build configuration list for PBXNativeTarget "SaveUp" */ = {
			isa = XCConfigurationList;
			buildConfigurations = (
				1D6058940D05DD3E006BFB54 /* Debug */,
				1D6058950D05DD3E006BFB54 /* Release */,
			);
			defaultConfigurationIsVisible = 0;
			defaultConfigurationName = Release;
		};
		C01FCF4E08A954540054247B /* Build configuration list for PBXProject "SaveUp" */ = {
			isa = XCConfigurationList;
			buildConfigurations = (
				C01FCF4F08A954540054247B /* Debug */,
				C01FCF5008A954540054247B /* Release */,
			);
			defaultConfigurationIsVisible = 0;
			defaultConfigurationName = Release;
		};
/* End XCConfigurationList section */
	};
	rootObject = 29B97313FDCFA39411CA2CEA /* Project object */;
}
